
Microsoft Visual Studio Solution File, Format Version 12.00
# Visual Studio Version 16
VisualStudioVersion = 16.0.30717.126
MinimumVisualStudioVersion = 10.0.40219.1
Project("{FAE04EC0-301F-11D3-BF4B-00C04F79EFBC}") = "Spravochnik.Android", "Spravochnik\Spravochnik.Android\Spravochnik.Android.csproj", "{A2F5280F-42FF-4559-8961-E00EF4C23DED}"
EndProject
Project("{FAE04EC0-301F-11D3-BF4B-00C04F79EFBC}") = "Spravochnik", "Spravochnik\Spravochnik\Spravochnik.csproj", "{D66B7F24-C657-4EC1-94B3-E9122027CEB6}"
EndProject
Global
	GlobalSection(SolutionConfigurationPlatforms) = preSolution
		Debug|Any CPU = Debug|Any CPU
		Release|Any CPU = Release|Any CPU
	EndGlobalSection
	GlobalSection(ProjectConfigurationPlatforms) = postSolution
		{A2F5280F-42FF-4559-8961-E00EF4C23DED}.Debug|Any CPU.ActiveCfg = Debug|Any CPU
		{A2F5280F-42FF-4559-8961-E00EF4C23DED}.Debug|Any CPU.Build.0 = Debug|Any CPU
		{A2F5280F-42FF-4559-8961-E00EF4C23DED}.Debug|Any CPU.Deploy.0 = Debug|Any CPU
		{A2F5280F-42FF-4559-8961-E00EF4C23DED}.Release|Any CPU.ActiveCfg = Release|Any CPU
		{A2F5280F-42FF-4559-8961-E00EF4C23DED}.Release|Any CPU.Build.0 = Release|Any CPU
		{A2F5280F-42FF-4559-8961-E00EF4C23DED}.Release|Any CPU.Deploy.0 = Release|Any CPU
		{D66B7F24-C657-4EC1-94B3-E9122027CEB6}.Debug|Any CPU.ActiveCfg = Debug|Any CPU
		{D66B7F24-C657-4EC1-94B3-E9122027CEB6}.Debug|Any CPU.Build.0 = Debug|Any CPU
		{D66B7F24-C657-4EC1-94B3-E9122027CEB6}.Debug|Any CPU.Deploy.0 = Debug|Any CPU
		{D66B7F24-C657-4EC1-94B3-E9122027CEB6}.Release|Any CPU.ActiveCfg = Release|Any CPU
		{D66B7F24-C657-4EC1-94B3-E9122027CEB6}.Release|Any CPU.Build.0 = Release|Any CPU
		{D66B7F24-C657-4EC1-94B3-E9122027CEB6}.Release|Any CPU.Deploy.0 = Release|Any CPU
	EndGlobalSection
	GlobalSection(SolutionProperties) = preSolution
		HideSolutionNode = FALSE
	EndGlobalSection
	GlobalSection(ExtensibilityGlobals) = postSolution
		SolutionGuid = {9F51EBBD-7BDD-4091-856C-FBC74FC20DE2}
	EndGlobalSection
EndGlobal
